// !$*UTF8*$!
{
	archiveVersion = 1;
	classes = {
	};
	objectVersion = 56;
	objects = {

/* Begin PBXBuildFile section */
		0D0C608F5A54B29EC356B885 /* Pods_Tracker.framework in Frameworks */ = {isa = PBXBuildFile; fileRef = ED7AD5AF5F4A42E06A1B782D /* Pods_Tracker.framework */; };
		552A63AA2A0ACBB4002911E2 /* Strings+Generated.swift in Sources */ = {isa = PBXBuildFile; fileRef = 552A63A92A0ACBB4002911E2 /* Strings+Generated.swift */; };
		552FCD8029FD29B200733ECC /* CategoryCell.swift in Sources */ = {isa = PBXBuildFile; fileRef = 552FCD7F29FD29B200733ECC /* CategoryCell.swift */; };
		552FCD8229FD381900733ECC /* CategoryFormViewController.swift in Sources */ = {isa = PBXBuildFile; fileRef = 552FCD8129FD381900733ECC /* CategoryFormViewController.swift */; };
		552FCD8429FD4E8E00733ECC /* NotFoundStack.swift in Sources */ = {isa = PBXBuildFile; fileRef = 552FCD8329FD4E8E00733ECC /* NotFoundStack.swift */; };
		552FCD8629FDAE3900733ECC /* UIViewController+Extensions.swift in Sources */ = {isa = PBXBuildFile; fileRef = 552FCD8529FDAE3900733ECC /* UIViewController+Extensions.swift */; };
		553176F929D19D9B00DEFCFF /* AddTrackerViewController.swift in Sources */ = {isa = PBXBuildFile; fileRef = 553176F829D19D9B00DEFCFF /* AddTrackerViewController.swift */; };
		553176FC29D1A16900DEFCFF /* Button.swift in Sources */ = {isa = PBXBuildFile; fileRef = 553176FB29D1A16900DEFCFF /* Button.swift */; };
		5531770829D1E9F100DEFCFF /* UICollectionView+Extensions.swift in Sources */ = {isa = PBXBuildFile; fileRef = 5531770729D1E9F100DEFCFF /* UICollectionView+Extensions.swift */; };
		5531770A29D1F8EF00DEFCFF /* TextField.swift in Sources */ = {isa = PBXBuildFile; fileRef = 5531770929D1F8EF00DEFCFF /* TextField.swift */; };
		5531770E29D2BB6900DEFCFF /* ListCell.swift in Sources */ = {isa = PBXBuildFile; fileRef = 5531770D29D2BB6900DEFCFF /* ListCell.swift */; };
		5531771029D2BC5D00DEFCFF /* ListItem.swift in Sources */ = {isa = PBXBuildFile; fileRef = 5531770F29D2BC5D00DEFCFF /* ListItem.swift */; };
		5531771229D2D04500DEFCFF /* EmojiCell.swift in Sources */ = {isa = PBXBuildFile; fileRef = 5531771129D2D04500DEFCFF /* EmojiCell.swift */; };
		5531771429D2D93800DEFCFF /* SelectionTitle.swift in Sources */ = {isa = PBXBuildFile; fileRef = 5531771329D2D93800DEFCFF /* SelectionTitle.swift */; };
		5531771629D2E54200DEFCFF /* ColorCell.swift in Sources */ = {isa = PBXBuildFile; fileRef = 5531771529D2E54200DEFCFF /* ColorCell.swift */; };
		553974092A194625008E104E /* Localizable.stringsdict in Resources */ = {isa = PBXBuildFile; fileRef = 5539740B2A194625008E104E /* Localizable.stringsdict */; };
		5555133A2A0A92E9009AD9CE /* swiftgen.yml in Resources */ = {isa = PBXBuildFile; fileRef = 555513392A0A92E9009AD9CE /* swiftgen.yml */; };
		555FC09729DADA6100E6C0D9 /* Constants.swift in Sources */ = {isa = PBXBuildFile; fileRef = 555FC09629DADA6100E6C0D9 /* Constants.swift */; };
		557522462A0A8DEF007EB400 /* Localizable.strings in Resources */ = {isa = PBXBuildFile; fileRef = 557522482A0A8DEF007EB400 /* Localizable.strings */; };
		5575D34A29FAB1D2000E8ADE /* CategoriesViewController.swift in Sources */ = {isa = PBXBuildFile; fileRef = 5575D34929FAB1D2000E8ADE /* CategoriesViewController.swift */; };
		5575D34C29FAB54E000E8ADE /* CategoriesViewModel.swift in Sources */ = {isa = PBXBuildFile; fileRef = 5575D34B29FAB54E000E8ADE /* CategoriesViewModel.swift */; };
		557F89EC2A1EA7E40015D13E /* AnalyticsService.swift in Sources */ = {isa = PBXBuildFile; fileRef = 557F89EB2A1EA7E40015D13E /* AnalyticsService.swift */; };
		557F89F42A1F7F0E0015D13E /* TrackerTests.swift in Sources */ = {isa = PBXBuildFile; fileRef = 557F89F32A1F7F0E0015D13E /* TrackerTests.swift */; };
		557F89FC2A1F7F290015D13E /* SnapshotTesting in Frameworks */ = {isa = PBXBuildFile; productRef = 557F89FB2A1F7F290015D13E /* SnapshotTesting */; };
		5583FE2C29F4584D0011D108 /* RootViewController.swift in Sources */ = {isa = PBXBuildFile; fileRef = 5583FE2B29F4584D0011D108 /* RootViewController.swift */; };
		5583FE2F29F45A160011D108 /* OnboardingViewController.swift in Sources */ = {isa = PBXBuildFile; fileRef = 5583FE2E29F45A160011D108 /* OnboardingViewController.swift */; };
		5583FE3129F45B730011D108 /* OnboardingPageViewController.swift in Sources */ = {isa = PBXBuildFile; fileRef = 5583FE3029F45B730011D108 /* OnboardingPageViewController.swift */; };
		5583FE3329F4669C0011D108 /* UserDefaultsBacked.swift in Sources */ = {isa = PBXBuildFile; fileRef = 5583FE3229F4669C0011D108 /* UserDefaultsBacked.swift */; };
		558D5C8F29E3083200C60519 /* SelectionCellProtocol.swift in Sources */ = {isa = PBXBuildFile; fileRef = 558D5C8E29E3083200C60519 /* SelectionCellProtocol.swift */; };
		5593A7422A0A8C4200A311B9 /* UIImage+Extensions.swift in Sources */ = {isa = PBXBuildFile; fileRef = 5593A7412A0A8C4200A311B9 /* UIImage+Extensions.swift */; };
		559D0AC129E5280800B2B82E /* Model.xcdatamodeld in Sources */ = {isa = PBXBuildFile; fileRef = 559D0ABF29E5280800B2B82E /* Model.xcdatamodeld */; };
		559FCC0A29D5A228009CEA46 /* TrackerFormViewController.swift in Sources */ = {isa = PBXBuildFile; fileRef = 559FCC0929D5A228009CEA46 /* TrackerFormViewController.swift */; };
		55A6B16C29CE1D17005449F4 /* TrackerCell.swift in Sources */ = {isa = PBXBuildFile; fileRef = 55A6B16B29CE1D17005449F4 /* TrackerCell.swift */; };
		55B06F9829CDB20000A7F900 /* UIColor+Extenstions.swift in Sources */ = {isa = PBXBuildFile; fileRef = 55B06F9729CDB20000A7F900 /* UIColor+Extenstions.swift */; };
		55B06F9B29CDB63B00A7F900 /* TabBarController.swift in Sources */ = {isa = PBXBuildFile; fileRef = 55B06F9A29CDB63B00A7F900 /* TabBarController.swift */; };
		55B06F9D29CDB76D00A7F900 /* StatisticsViewController.swift in Sources */ = {isa = PBXBuildFile; fileRef = 55B06F9C29CDB76D00A7F900 /* StatisticsViewController.swift */; };
		55BC269729CCB28A006333B4 /* AppDelegate.swift in Sources */ = {isa = PBXBuildFile; fileRef = 55BC269629CCB28A006333B4 /* AppDelegate.swift */; };
		55BC269929CCB28A006333B4 /* SceneDelegate.swift in Sources */ = {isa = PBXBuildFile; fileRef = 55BC269829CCB28A006333B4 /* SceneDelegate.swift */; };
		55BC269B29CCB28A006333B4 /* TrackersViewController.swift in Sources */ = {isa = PBXBuildFile; fileRef = 55BC269A29CCB28A006333B4 /* TrackersViewController.swift */; };
		55BC26A029CCB28B006333B4 /* Assets.xcassets in Resources */ = {isa = PBXBuildFile; fileRef = 55BC269F29CCB28B006333B4 /* Assets.xcassets */; };
		55BC26A329CCB28B006333B4 /* LaunchScreen.storyboard in Resources */ = {isa = PBXBuildFile; fileRef = 55BC26A129CCB28B006333B4 /* LaunchScreen.storyboard */; };
		55CCE51029D7040E001B23E6 /* ScheduleViewController.swift in Sources */ = {isa = PBXBuildFile; fileRef = 55CCE50F29D7040E001B23E6 /* ScheduleViewController.swift */; };
		55CCE51229D7091C001B23E6 /* WeekdayCell.swift in Sources */ = {isa = PBXBuildFile; fileRef = 55CCE51129D7091C001B23E6 /* WeekdayCell.swift */; };
		55D1CB0829E6F6E2001EE8F4 /* TrackerRecordStore.swift in Sources */ = {isa = PBXBuildFile; fileRef = 55D1CB0729E6F6E2001EE8F4 /* TrackerRecordStore.swift */; };
		55F530AC29D0851E002D0826 /* Date+Extensions.swift in Sources */ = {isa = PBXBuildFile; fileRef = 55F530AB29D0851E002D0826 /* Date+Extensions.swift */; };
		55F530AE29D095DE002D0826 /* Int+Extensions.swift in Sources */ = {isa = PBXBuildFile; fileRef = 55F530AD29D095DE002D0826 /* Int+Extensions.swift */; };
		55F6512229CF0BFF00C3E4F2 /* Tracker.swift in Sources */ = {isa = PBXBuildFile; fileRef = 55F6512129CF0BFF00C3E4F2 /* Tracker.swift */; };
		55F6512429CF14E700C3E4F2 /* TrackerCategory.swift in Sources */ = {isa = PBXBuildFile; fileRef = 55F6512329CF14E700C3E4F2 /* TrackerCategory.swift */; };
		55F6512629CF15D600C3E4F2 /* TrackerRecord.swift in Sources */ = {isa = PBXBuildFile; fileRef = 55F6512529CF15D600C3E4F2 /* TrackerRecord.swift */; };
		55F6512829CF6D5E00C3E4F2 /* TrackerCategoryLabel.swift in Sources */ = {isa = PBXBuildFile; fileRef = 55F6512729CF6D5E00C3E4F2 /* TrackerCategoryLabel.swift */; };
		55FED95A29E5B2D2006CE32B /* TrackerStore.swift in Sources */ = {isa = PBXBuildFile; fileRef = 55FED95929E5B2D2006CE32B /* TrackerStore.swift */; };
		55FED95C29E5B51C006CE32B /* UIColorMarshalling.swift in Sources */ = {isa = PBXBuildFile; fileRef = 55FED95B29E5B51C006CE32B /* UIColorMarshalling.swift */; };
		55FED95E29E5B888006CE32B /* TrackerCategoryStore.swift in Sources */ = {isa = PBXBuildFile; fileRef = 55FED95D29E5B888006CE32B /* TrackerCategoryStore.swift */; };
/* End PBXBuildFile section */

/* Begin PBXContainerItemProxy section */
		557F89F52A1F7F0E0015D13E /* PBXContainerItemProxy */ = {
			isa = PBXContainerItemProxy;
			containerPortal = 55BC268B29CCB28A006333B4 /* Project object */;
			proxyType = 1;
			remoteGlobalIDString = 55BC269229CCB28A006333B4;
			remoteInfo = Tracker;
		};
/* End PBXContainerItemProxy section */

/* Begin PBXFileReference section */
		552A63A92A0ACBB4002911E2 /* Strings+Generated.swift */ = {isa = PBXFileReference; fileEncoding = 4; lastKnownFileType = sourcecode.swift; path = "Strings+Generated.swift"; sourceTree = "<group>"; };
		552FCD7F29FD29B200733ECC /* CategoryCell.swift */ = {isa = PBXFileReference; lastKnownFileType = sourcecode.swift; path = CategoryCell.swift; sourceTree = "<group>"; };
		552FCD8129FD381900733ECC /* CategoryFormViewController.swift */ = {isa = PBXFileReference; lastKnownFileType = sourcecode.swift; path = CategoryFormViewController.swift; sourceTree = "<group>"; };
		552FCD8329FD4E8E00733ECC /* NotFoundStack.swift */ = {isa = PBXFileReference; lastKnownFileType = sourcecode.swift; path = NotFoundStack.swift; sourceTree = "<group>"; };
		552FCD8529FDAE3900733ECC /* UIViewController+Extensions.swift */ = {isa = PBXFileReference; lastKnownFileType = sourcecode.swift; path = "UIViewController+Extensions.swift"; sourceTree = "<group>"; };
		553176F829D19D9B00DEFCFF /* AddTrackerViewController.swift */ = {isa = PBXFileReference; lastKnownFileType = sourcecode.swift; path = AddTrackerViewController.swift; sourceTree = "<group>"; };
		553176FB29D1A16900DEFCFF /* Button.swift */ = {isa = PBXFileReference; lastKnownFileType = sourcecode.swift; path = Button.swift; sourceTree = "<group>"; };
		5531770729D1E9F100DEFCFF /* UICollectionView+Extensions.swift */ = {isa = PBXFileReference; lastKnownFileType = sourcecode.swift; path = "UICollectionView+Extensions.swift"; sourceTree = "<group>"; };
		5531770929D1F8EF00DEFCFF /* TextField.swift */ = {isa = PBXFileReference; lastKnownFileType = sourcecode.swift; path = TextField.swift; sourceTree = "<group>"; };
		5531770D29D2BB6900DEFCFF /* ListCell.swift */ = {isa = PBXFileReference; lastKnownFileType = sourcecode.swift; path = ListCell.swift; sourceTree = "<group>"; };
		5531770F29D2BC5D00DEFCFF /* ListItem.swift */ = {isa = PBXFileReference; lastKnownFileType = sourcecode.swift; path = ListItem.swift; sourceTree = "<group>"; };
		5531771129D2D04500DEFCFF /* EmojiCell.swift */ = {isa = PBXFileReference; lastKnownFileType = sourcecode.swift; path = EmojiCell.swift; sourceTree = "<group>"; };
		5531771329D2D93800DEFCFF /* SelectionTitle.swift */ = {isa = PBXFileReference; lastKnownFileType = sourcecode.swift; path = SelectionTitle.swift; sourceTree = "<group>"; };
		5531771529D2E54200DEFCFF /* ColorCell.swift */ = {isa = PBXFileReference; lastKnownFileType = sourcecode.swift; path = ColorCell.swift; sourceTree = "<group>"; };
		5539740A2A194625008E104E /* en */ = {isa = PBXFileReference; lastKnownFileType = text.plist.stringsdict; name = en; path = en.lproj/Localizable.stringsdict; sourceTree = "<group>"; };
		5539740C2A194629008E104E /* ru */ = {isa = PBXFileReference; lastKnownFileType = text.plist.stringsdict; name = ru; path = ru.lproj/Localizable.stringsdict; sourceTree = "<group>"; };
		555513392A0A92E9009AD9CE /* swiftgen.yml */ = {isa = PBXFileReference; fileEncoding = 4; lastKnownFileType = text.yaml; path = swiftgen.yml; sourceTree = "<group>"; };
		555FC09629DADA6100E6C0D9 /* Constants.swift */ = {isa = PBXFileReference; lastKnownFileType = sourcecode.swift; path = Constants.swift; sourceTree = "<group>"; };
		557522472A0A8DEF007EB400 /* en */ = {isa = PBXFileReference; lastKnownFileType = text.plist.strings; name = en; path = en.lproj/Localizable.strings; sourceTree = "<group>"; };
		557522492A0A8DFB007EB400 /* ru */ = {isa = PBXFileReference; lastKnownFileType = text.plist.strings; name = ru; path = ru.lproj/Localizable.strings; sourceTree = "<group>"; };
		5575D34929FAB1D2000E8ADE /* CategoriesViewController.swift */ = {isa = PBXFileReference; lastKnownFileType = sourcecode.swift; path = CategoriesViewController.swift; sourceTree = "<group>"; };
		5575D34B29FAB54E000E8ADE /* CategoriesViewModel.swift */ = {isa = PBXFileReference; lastKnownFileType = sourcecode.swift; path = CategoriesViewModel.swift; sourceTree = "<group>"; };
		557F89EB2A1EA7E40015D13E /* AnalyticsService.swift */ = {isa = PBXFileReference; lastKnownFileType = sourcecode.swift; path = AnalyticsService.swift; sourceTree = "<group>"; };
		557F89F12A1F7F0E0015D13E /* TrackerTests.xctest */ = {isa = PBXFileReference; explicitFileType = wrapper.cfbundle; includeInIndex = 0; path = TrackerTests.xctest; sourceTree = BUILT_PRODUCTS_DIR; };
		557F89F32A1F7F0E0015D13E /* TrackerTests.swift */ = {isa = PBXFileReference; lastKnownFileType = sourcecode.swift; path = TrackerTests.swift; sourceTree = "<group>"; };
		5583FE2B29F4584D0011D108 /* RootViewController.swift */ = {isa = PBXFileReference; lastKnownFileType = sourcecode.swift; path = RootViewController.swift; sourceTree = "<group>"; };
		5583FE2E29F45A160011D108 /* OnboardingViewController.swift */ = {isa = PBXFileReference; lastKnownFileType = sourcecode.swift; path = OnboardingViewController.swift; sourceTree = "<group>"; };
		5583FE3029F45B730011D108 /* OnboardingPageViewController.swift */ = {isa = PBXFileReference; lastKnownFileType = sourcecode.swift; path = OnboardingPageViewController.swift; sourceTree = "<group>"; };
		5583FE3229F4669C0011D108 /* UserDefaultsBacked.swift */ = {isa = PBXFileReference; lastKnownFileType = sourcecode.swift; path = UserDefaultsBacked.swift; sourceTree = "<group>"; };
		558D5C8E29E3083200C60519 /* SelectionCellProtocol.swift */ = {isa = PBXFileReference; lastKnownFileType = sourcecode.swift; path = SelectionCellProtocol.swift; sourceTree = "<group>"; };
		5593A7412A0A8C4200A311B9 /* UIImage+Extensions.swift */ = {isa = PBXFileReference; lastKnownFileType = sourcecode.swift; path = "UIImage+Extensions.swift"; sourceTree = "<group>"; };
		559D0AC029E5280800B2B82E /* Model.xcdatamodel */ = {isa = PBXFileReference; lastKnownFileType = wrapper.xcdatamodel; path = Model.xcdatamodel; sourceTree = "<group>"; };
		559FCC0929D5A228009CEA46 /* TrackerFormViewController.swift */ = {isa = PBXFileReference; lastKnownFileType = sourcecode.swift; path = TrackerFormViewController.swift; sourceTree = "<group>"; };
		55A6B16B29CE1D17005449F4 /* TrackerCell.swift */ = {isa = PBXFileReference; lastKnownFileType = sourcecode.swift; path = TrackerCell.swift; sourceTree = "<group>"; };
		55B06F9729CDB20000A7F900 /* UIColor+Extenstions.swift */ = {isa = PBXFileReference; lastKnownFileType = sourcecode.swift; path = "UIColor+Extenstions.swift"; sourceTree = "<group>"; };
		55B06F9A29CDB63B00A7F900 /* TabBarController.swift */ = {isa = PBXFileReference; lastKnownFileType = sourcecode.swift; path = TabBarController.swift; sourceTree = "<group>"; };
		55B06F9C29CDB76D00A7F900 /* StatisticsViewController.swift */ = {isa = PBXFileReference; lastKnownFileType = sourcecode.swift; path = StatisticsViewController.swift; sourceTree = "<group>"; };
		55BC269329CCB28A006333B4 /* Tracker.app */ = {isa = PBXFileReference; explicitFileType = wrapper.application; includeInIndex = 0; path = Tracker.app; sourceTree = BUILT_PRODUCTS_DIR; };
		55BC269629CCB28A006333B4 /* AppDelegate.swift */ = {isa = PBXFileReference; lastKnownFileType = sourcecode.swift; path = AppDelegate.swift; sourceTree = "<group>"; };
		55BC269829CCB28A006333B4 /* SceneDelegate.swift */ = {isa = PBXFileReference; lastKnownFileType = sourcecode.swift; path = SceneDelegate.swift; sourceTree = "<group>"; };
		55BC269A29CCB28A006333B4 /* TrackersViewController.swift */ = {isa = PBXFileReference; lastKnownFileType = sourcecode.swift; path = TrackersViewController.swift; sourceTree = "<group>"; };
		55BC269F29CCB28B006333B4 /* Assets.xcassets */ = {isa = PBXFileReference; lastKnownFileType = folder.assetcatalog; path = Assets.xcassets; sourceTree = "<group>"; };
		55BC26A229CCB28B006333B4 /* Base */ = {isa = PBXFileReference; lastKnownFileType = file.storyboard; name = Base; path = Base.lproj/LaunchScreen.storyboard; sourceTree = "<group>"; };
		55BC26A429CCB28B006333B4 /* Info.plist */ = {isa = PBXFileReference; lastKnownFileType = text.plist.xml; path = Info.plist; sourceTree = "<group>"; };
		55CCE50F29D7040E001B23E6 /* ScheduleViewController.swift */ = {isa = PBXFileReference; lastKnownFileType = sourcecode.swift; path = ScheduleViewController.swift; sourceTree = "<group>"; };
		55CCE51129D7091C001B23E6 /* WeekdayCell.swift */ = {isa = PBXFileReference; lastKnownFileType = sourcecode.swift; path = WeekdayCell.swift; sourceTree = "<group>"; };
		55D1CB0729E6F6E2001EE8F4 /* TrackerRecordStore.swift */ = {isa = PBXFileReference; lastKnownFileType = sourcecode.swift; path = TrackerRecordStore.swift; sourceTree = "<group>"; };
		55F530AB29D0851E002D0826 /* Date+Extensions.swift */ = {isa = PBXFileReference; fileEncoding = 4; lastKnownFileType = sourcecode.swift; path = "Date+Extensions.swift"; sourceTree = "<group>"; };
		55F530AD29D095DE002D0826 /* Int+Extensions.swift */ = {isa = PBXFileReference; lastKnownFileType = sourcecode.swift; path = "Int+Extensions.swift"; sourceTree = "<group>"; };
		55F6512129CF0BFF00C3E4F2 /* Tracker.swift */ = {isa = PBXFileReference; lastKnownFileType = sourcecode.swift; path = Tracker.swift; sourceTree = "<group>"; };
		55F6512329CF14E700C3E4F2 /* TrackerCategory.swift */ = {isa = PBXFileReference; lastKnownFileType = sourcecode.swift; path = TrackerCategory.swift; sourceTree = "<group>"; };
		55F6512529CF15D600C3E4F2 /* TrackerRecord.swift */ = {isa = PBXFileReference; lastKnownFileType = sourcecode.swift; path = TrackerRecord.swift; sourceTree = "<group>"; };
		55F6512729CF6D5E00C3E4F2 /* TrackerCategoryLabel.swift */ = {isa = PBXFileReference; lastKnownFileType = sourcecode.swift; path = TrackerCategoryLabel.swift; sourceTree = "<group>"; };
		55FED95929E5B2D2006CE32B /* TrackerStore.swift */ = {isa = PBXFileReference; lastKnownFileType = sourcecode.swift; path = TrackerStore.swift; sourceTree = "<group>"; };
		55FED95B29E5B51C006CE32B /* UIColorMarshalling.swift */ = {isa = PBXFileReference; fileEncoding = 4; lastKnownFileType = sourcecode.swift; path = UIColorMarshalling.swift; sourceTree = "<group>"; };
		55FED95D29E5B888006CE32B /* TrackerCategoryStore.swift */ = {isa = PBXFileReference; lastKnownFileType = sourcecode.swift; path = TrackerCategoryStore.swift; sourceTree = "<group>"; };
		765FB88C3698450CDAF971D9 /* Pods-Tracker.release.xcconfig */ = {isa = PBXFileReference; includeInIndex = 1; lastKnownFileType = text.xcconfig; name = "Pods-Tracker.release.xcconfig"; path = "Target Support Files/Pods-Tracker/Pods-Tracker.release.xcconfig"; sourceTree = "<group>"; };
		88E0F12788F32449B8BCA42F /* Pods-Tracker.debug.xcconfig */ = {isa = PBXFileReference; includeInIndex = 1; lastKnownFileType = text.xcconfig; name = "Pods-Tracker.debug.xcconfig"; path = "Target Support Files/Pods-Tracker/Pods-Tracker.debug.xcconfig"; sourceTree = "<group>"; };
		ED7AD5AF5F4A42E06A1B782D /* Pods_Tracker.framework */ = {isa = PBXFileReference; explicitFileType = wrapper.framework; includeInIndex = 0; path = Pods_Tracker.framework; sourceTree = BUILT_PRODUCTS_DIR; };
/* End PBXFileReference section */

/* Begin PBXFrameworksBuildPhase section */
		557F89EE2A1F7F0E0015D13E /* Frameworks */ = {
			isa = PBXFrameworksBuildPhase;
			buildActionMask = 2147483647;
			files = (
				557F89FC2A1F7F290015D13E /* SnapshotTesting in Frameworks */,
			);
			runOnlyForDeploymentPostprocessing = 0;
		};
		55BC269029CCB28A006333B4 /* Frameworks */ = {
			isa = PBXFrameworksBuildPhase;
			buildActionMask = 2147483647;
			files = (
				0D0C608F5A54B29EC356B885 /* Pods_Tracker.framework in Frameworks */,
			);
			runOnlyForDeploymentPostprocessing = 0;
		};
/* End PBXFrameworksBuildPhase section */

/* Begin PBXGroup section */
		3A24AE2B314DD50FFB9EE103 /* Frameworks */ = {
			isa = PBXGroup;
			children = (
				ED7AD5AF5F4A42E06A1B782D /* Pods_Tracker.framework */,
			);
			name = Frameworks;
			sourceTree = "<group>";
		};
		552A63A82A0ACB94002911E2 /* Generated */ = {
			isa = PBXGroup;
			children = (
				552A63A92A0ACBB4002911E2 /* Strings+Generated.swift */,
			);
			path = Generated;
			sourceTree = "<group>";
		};
		553176FA29D1A15D00DEFCFF /* Components */ = {
			isa = PBXGroup;
			children = (
				553176FB29D1A16900DEFCFF /* Button.swift */,
				5531770929D1F8EF00DEFCFF /* TextField.swift */,
				5531770F29D2BC5D00DEFCFF /* ListItem.swift */,
				552FCD8329FD4E8E00733ECC /* NotFoundStack.swift */,
			);
			path = Components;
			sourceTree = "<group>";
		};
		553176FD29D1B25400DEFCFF /* AddTracker */ = {
			isa = PBXGroup;
			children = (
				553176F829D19D9B00DEFCFF /* AddTrackerViewController.swift */,
			);
			path = AddTracker;
			sourceTree = "<group>";
		};
		553176FE29D1B27100DEFCFF /* Statistics */ = {
			isa = PBXGroup;
			children = (
				55B06F9C29CDB76D00A7F900 /* StatisticsViewController.swift */,
			);
			path = Statistics;
			sourceTree = "<group>";
		};
		5575D34629FAB109000E8ADE /* Categories */ = {
			isa = PBXGroup;
			children = (
				5575D34929FAB1D2000E8ADE /* CategoriesViewController.swift */,
				5575D34B29FAB54E000E8ADE /* CategoriesViewModel.swift */,
				552FCD7F29FD29B200733ECC /* CategoryCell.swift */,
				552FCD8129FD381900733ECC /* CategoryFormViewController.swift */,
			);
			path = Categories;
			sourceTree = "<group>";
		};
		557F89EA2A1EA7DA0015D13E /* Services */ = {
			isa = PBXGroup;
			children = (
				557F89EB2A1EA7E40015D13E /* AnalyticsService.swift */,
			);
			path = Services;
			sourceTree = "<group>";
		};
		557F89F22A1F7F0E0015D13E /* TrackerTests */ = {
			isa = PBXGroup;
			children = (
				557F89F32A1F7F0E0015D13E /* TrackerTests.swift */,
			);
			path = TrackerTests;
			sourceTree = "<group>";
		};
		5583FE2A29F4583C0011D108 /* Root */ = {
			isa = PBXGroup;
			children = (
				5583FE2B29F4584D0011D108 /* RootViewController.swift */,
			);
			path = Root;
			sourceTree = "<group>";
		};
		5583FE2D29F45A0A0011D108 /* Onboarding */ = {
			isa = PBXGroup;
			children = (
				5583FE2E29F45A160011D108 /* OnboardingViewController.swift */,
				5583FE3029F45B730011D108 /* OnboardingPageViewController.swift */,
			);
			path = Onboarding;
			sourceTree = "<group>";
		};
		558D5C8D29E2E9FC00C60519 /* UI */ = {
			isa = PBXGroup;
			children = (
				553176FA29D1A15D00DEFCFF /* Components */,
				5583FE2A29F4583C0011D108 /* Root */,
				5583FE2D29F45A0A0011D108 /* Onboarding */,
				55B06F9929CDB62D00A7F900 /* TabBar */,
				55A6B16A29CE1CE5005449F4 /* Trackers */,
				553176FE29D1B27100DEFCFF /* Statistics */,
				553176FD29D1B25400DEFCFF /* AddTracker */,
				559FCC0829D5A205009CEA46 /* TrackerForm */,
				5575D34629FAB109000E8ADE /* Categories */,
				55CCE50E29D703F4001B23E6 /* Schedule */,
			);
			path = UI;
			sourceTree = "<group>";
		};
		559FCC0829D5A205009CEA46 /* TrackerForm */ = {
			isa = PBXGroup;
			children = (
				559FCC0929D5A228009CEA46 /* TrackerFormViewController.swift */,
				5531771129D2D04500DEFCFF /* EmojiCell.swift */,
				5531771529D2E54200DEFCFF /* ColorCell.swift */,
				5531771329D2D93800DEFCFF /* SelectionTitle.swift */,
				5531770D29D2BB6900DEFCFF /* ListCell.swift */,
				558D5C8E29E3083200C60519 /* SelectionCellProtocol.swift */,
			);
			path = TrackerForm;
			sourceTree = "<group>";
		};
		55A6B16A29CE1CE5005449F4 /* Trackers */ = {
			isa = PBXGroup;
			children = (
				55BC269A29CCB28A006333B4 /* TrackersViewController.swift */,
				55A6B16B29CE1D17005449F4 /* TrackerCell.swift */,
				55F6512729CF6D5E00C3E4F2 /* TrackerCategoryLabel.swift */,
			);
			path = Trackers;
			sourceTree = "<group>";
		};
		55B06F9529CDAEC800A7F900 /* Resources */ = {
			isa = PBXGroup;
			children = (
				55BC26A129CCB28B006333B4 /* LaunchScreen.storyboard */,
				5539740B2A194625008E104E /* Localizable.stringsdict */,
				557522482A0A8DEF007EB400 /* Localizable.strings */,
				55BC26A429CCB28B006333B4 /* Info.plist */,
				55BC269F29CCB28B006333B4 /* Assets.xcassets */,
				552A63A82A0ACB94002911E2 /* Generated */,
			);
			path = Resources;
			sourceTree = "<group>";
		};
		55B06F9629CDB1F100A7F900 /* Helpers */ = {
			isa = PBXGroup;
			children = (
				55FED95B29E5B51C006CE32B /* UIColorMarshalling.swift */,
				555FC09629DADA6100E6C0D9 /* Constants.swift */,
				55F530AB29D0851E002D0826 /* Date+Extensions.swift */,
				55B06F9729CDB20000A7F900 /* UIColor+Extenstions.swift */,
				5593A7412A0A8C4200A311B9 /* UIImage+Extensions.swift */,
				55F530AD29D095DE002D0826 /* Int+Extensions.swift */,
				5531770729D1E9F100DEFCFF /* UICollectionView+Extensions.swift */,
				5583FE3229F4669C0011D108 /* UserDefaultsBacked.swift */,
				552FCD8529FDAE3900733ECC /* UIViewController+Extensions.swift */,
			);
			path = Helpers;
			sourceTree = "<group>";
		};
		55B06F9929CDB62D00A7F900 /* TabBar */ = {
			isa = PBXGroup;
			children = (
				55B06F9A29CDB63B00A7F900 /* TabBarController.swift */,
			);
			path = TabBar;
			sourceTree = "<group>";
		};
		55BC268A29CCB28A006333B4 = {
			isa = PBXGroup;
			children = (
				555513392A0A92E9009AD9CE /* swiftgen.yml */,
				55BC269529CCB28A006333B4 /* Tracker */,
				557F89F22A1F7F0E0015D13E /* TrackerTests */,
				55BC269429CCB28A006333B4 /* Products */,
				6C633D86EB18A33A56CF9682 /* Pods */,
				3A24AE2B314DD50FFB9EE103 /* Frameworks */,
			);
			sourceTree = "<group>";
		};
		55BC269429CCB28A006333B4 /* Products */ = {
			isa = PBXGroup;
			children = (
				55BC269329CCB28A006333B4 /* Tracker.app */,
				557F89F12A1F7F0E0015D13E /* TrackerTests.xctest */,
			);
			name = Products;
			sourceTree = "<group>";
		};
		55BC269529CCB28A006333B4 /* Tracker */ = {
			isa = PBXGroup;
			children = (
				55BC269629CCB28A006333B4 /* AppDelegate.swift */,
				55BC269829CCB28A006333B4 /* SceneDelegate.swift */,
				558D5C8D29E2E9FC00C60519 /* UI */,
				557F89EA2A1EA7DA0015D13E /* Services */,
				55FED95729E5B2A3006CE32B /* Domain */,
				55B06F9629CDB1F100A7F900 /* Helpers */,
				55B06F9529CDAEC800A7F900 /* Resources */,
			);
			path = Tracker;
			sourceTree = "<group>";
		};
		55CCE50E29D703F4001B23E6 /* Schedule */ = {
			isa = PBXGroup;
			children = (
				55CCE50F29D7040E001B23E6 /* ScheduleViewController.swift */,
				55CCE51129D7091C001B23E6 /* WeekdayCell.swift */,
			);
			path = Schedule;
			sourceTree = "<group>";
		};
		55F6512029CF0BEF00C3E4F2 /* Models */ = {
			isa = PBXGroup;
			children = (
				559D0ABF29E5280800B2B82E /* Model.xcdatamodeld */,
				55F6512129CF0BFF00C3E4F2 /* Tracker.swift */,
				55F6512329CF14E700C3E4F2 /* TrackerCategory.swift */,
				55F6512529CF15D600C3E4F2 /* TrackerRecord.swift */,
			);
			path = Models;
			sourceTree = "<group>";
		};
		55FED95729E5B2A3006CE32B /* Domain */ = {
			isa = PBXGroup;
			children = (
				55FED95829E5B2B5006CE32B /* Store */,
				55F6512029CF0BEF00C3E4F2 /* Models */,
			);
			path = Domain;
			sourceTree = "<group>";
		};
		55FED95829E5B2B5006CE32B /* Store */ = {
			isa = PBXGroup;
			children = (
				55FED95929E5B2D2006CE32B /* TrackerStore.swift */,
				55FED95D29E5B888006CE32B /* TrackerCategoryStore.swift */,
				55D1CB0729E6F6E2001EE8F4 /* TrackerRecordStore.swift */,
			);
			path = Store;
			sourceTree = "<group>";
		};
		6C633D86EB18A33A56CF9682 /* Pods */ = {
			isa = PBXGroup;
			children = (
				88E0F12788F32449B8BCA42F /* Pods-Tracker.debug.xcconfig */,
				765FB88C3698450CDAF971D9 /* Pods-Tracker.release.xcconfig */,
			);
			path = Pods;
			sourceTree = "<group>";
		};
/* End PBXGroup section */

/* Begin PBXNativeTarget section */
		557F89F02A1F7F0E0015D13E /* TrackerTests */ = {
			isa = PBXNativeTarget;
			buildConfigurationList = 557F89F72A1F7F0E0015D13E /* Build configuration list for PBXNativeTarget "TrackerTests" */;
			buildPhases = (
				557F89ED2A1F7F0E0015D13E /* Sources */,
				557F89EE2A1F7F0E0015D13E /* Frameworks */,
				557F89EF2A1F7F0E0015D13E /* Resources */,
			);
			buildRules = (
			);
			dependencies = (
				557F89F62A1F7F0E0015D13E /* PBXTargetDependency */,
			);
			name = TrackerTests;
			packageProductDependencies = (
				557F89FB2A1F7F290015D13E /* SnapshotTesting */,
			);
			productName = TrackerTests;
			productReference = 557F89F12A1F7F0E0015D13E /* TrackerTests.xctest */;
			productType = "com.apple.product-type.bundle.unit-test";
		};
		55BC269229CCB28A006333B4 /* Tracker */ = {
			isa = PBXNativeTarget;
			buildConfigurationList = 55BC26A729CCB28B006333B4 /* Build configuration list for PBXNativeTarget "Tracker" */;
			buildPhases = (
				19CD1DD85C026624A7F701E5 /* [CP] Check Pods Manifest.lock */,
				5555133B2A0A9396009AD9CE /* ShellScript */,
				55BC268F29CCB28A006333B4 /* Sources */,
				55BC269029CCB28A006333B4 /* Frameworks */,
				55BC269129CCB28A006333B4 /* Resources */,
				9EC2AA7B980E00DAB5CF7B12 /* [CP] Embed Pods Frameworks */,
			);
			buildRules = (
			);
			dependencies = (
			);
			name = Tracker;
			productName = Tracker;
			productReference = 55BC269329CCB28A006333B4 /* Tracker.app */;
			productType = "com.apple.product-type.application";
		};
/* End PBXNativeTarget section */

/* Begin PBXProject section */
		55BC268B29CCB28A006333B4 /* Project object */ = {
			isa = PBXProject;
			attributes = {
				BuildIndependentTargetsInParallel = 1;
				LastSwiftUpdateCheck = 1430;
				LastUpgradeCheck = 1420;
				TargetAttributes = {
					557F89F02A1F7F0E0015D13E = {
						CreatedOnToolsVersion = 14.3;
						TestTargetID = 55BC269229CCB28A006333B4;
					};
					55BC269229CCB28A006333B4 = {
						CreatedOnToolsVersion = 14.2;
					};
				};
			};
			buildConfigurationList = 55BC268E29CCB28A006333B4 /* Build configuration list for PBXProject "Tracker" */;
			compatibilityVersion = "Xcode 14.0";
			developmentRegion = ru;
			hasScannedForEncodings = 0;
			knownRegions = (
				en,
				Base,
				ru,
			);
			mainGroup = 55BC268A29CCB28A006333B4;
			packageReferences = (
				557F89FA2A1F7F290015D13E /* XCRemoteSwiftPackageReference "swift-snapshot-testing" */,
			);
			productRefGroup = 55BC269429CCB28A006333B4 /* Products */;
			projectDirPath = "";
			projectRoot = "";
			targets = (
				55BC269229CCB28A006333B4 /* Tracker */,
				557F89F02A1F7F0E0015D13E /* TrackerTests */,
			);
		};
/* End PBXProject section */

/* Begin PBXResourcesBuildPhase section */
		557F89EF2A1F7F0E0015D13E /* Resources */ = {
			isa = PBXResourcesBuildPhase;
			buildActionMask = 2147483647;
			files = (
			);
			runOnlyForDeploymentPostprocessing = 0;
		};
		55BC269129CCB28A006333B4 /* Resources */ = {
			isa = PBXResourcesBuildPhase;
			buildActionMask = 2147483647;
			files = (
				55BC26A329CCB28B006333B4 /* LaunchScreen.storyboard in Resources */,
				557522462A0A8DEF007EB400 /* Localizable.strings in Resources */,
				55BC26A029CCB28B006333B4 /* Assets.xcassets in Resources */,
				553974092A194625008E104E /* Localizable.stringsdict in Resources */,
				5555133A2A0A92E9009AD9CE /* swiftgen.yml in Resources */,
			);
			runOnlyForDeploymentPostprocessing = 0;
		};
/* End PBXResourcesBuildPhase section */

/* Begin PBXShellScriptBuildPhase section */
		19CD1DD85C026624A7F701E5 /* [CP] Check Pods Manifest.lock */ = {
			isa = PBXShellScriptBuildPhase;
			buildActionMask = 2147483647;
			files = (
			);
			inputFileListPaths = (
			);
			inputPaths = (
				"${PODS_PODFILE_DIR_PATH}/Podfile.lock",
				"${PODS_ROOT}/Manifest.lock",
			);
			name = "[CP] Check Pods Manifest.lock";
			outputFileListPaths = (
			);
			outputPaths = (
				"$(DERIVED_FILE_DIR)/Pods-Tracker-checkManifestLockResult.txt",
			);
			runOnlyForDeploymentPostprocessing = 0;
			shellPath = /bin/sh;
			shellScript = "diff \"${PODS_PODFILE_DIR_PATH}/Podfile.lock\" \"${PODS_ROOT}/Manifest.lock\" > /dev/null\nif [ $? != 0 ] ; then\n    # print error to STDERR\n    echo \"error: The sandbox is not in sync with the Podfile.lock. Run 'pod install' or update your CocoaPods installation.\" >&2\n    exit 1\nfi\n# This output is used by Xcode 'outputs' to avoid re-running this script phase.\necho \"SUCCESS\" > \"${SCRIPT_OUTPUT_FILE_0}\"\n";
			showEnvVarsInLog = 0;
		};
		5555133B2A0A9396009AD9CE /* ShellScript */ = {
			isa = PBXShellScriptBuildPhase;
			buildActionMask = 2147483647;
			files = (
			);
			inputFileListPaths = (
			);
			inputPaths = (
			);
			outputFileListPaths = (
			);
			outputPaths = (
			);
			runOnlyForDeploymentPostprocessing = 0;
			shellPath = /bin/sh;
			shellScript = "if [[ -f \"${PODS_ROOT}/SwiftGen/bin/swiftgen\" ]]; then\n  \"${PODS_ROOT}/SwiftGen/bin/swiftgen\"\nelse\n  echo \"warning: SwiftGen is not installed. Run 'pod install --repo-update' to install it.\"\nfi\n";
		};
		9EC2AA7B980E00DAB5CF7B12 /* [CP] Embed Pods Frameworks */ = {
			isa = PBXShellScriptBuildPhase;
			buildActionMask = 2147483647;
			files = (
			);
			inputFileListPaths = (
				"${PODS_ROOT}/Target Support Files/Pods-Tracker/Pods-Tracker-frameworks-${CONFIGURATION}-input-files.xcfilelist",
			);
			name = "[CP] Embed Pods Frameworks";
			outputFileListPaths = (
				"${PODS_ROOT}/Target Support Files/Pods-Tracker/Pods-Tracker-frameworks-${CONFIGURATION}-output-files.xcfilelist",
			);
			runOnlyForDeploymentPostprocessing = 0;
			shellPath = /bin/sh;
			shellScript = "\"${PODS_ROOT}/Target Support Files/Pods-Tracker/Pods-Tracker-frameworks.sh\"\n";
			showEnvVarsInLog = 0;
		};
/* End PBXShellScriptBuildPhase section */

/* Begin PBXSourcesBuildPhase section */
		557F89ED2A1F7F0E0015D13E /* Sources */ = {
			isa = PBXSourcesBuildPhase;
			buildActionMask = 2147483647;
			files = (
				557F89F42A1F7F0E0015D13E /* TrackerTests.swift in Sources */,
			);
			runOnlyForDeploymentPostprocessing = 0;
		};
		55BC268F29CCB28A006333B4 /* Sources */ = {
			isa = PBXSourcesBuildPhase;
			buildActionMask = 2147483647;
			files = (
				55F6512429CF14E700C3E4F2 /* TrackerCategory.swift in Sources */,
				5531770829D1E9F100DEFCFF /* UICollectionView+Extensions.swift in Sources */,
				55B06F9829CDB20000A7F900 /* UIColor+Extenstions.swift in Sources */,
				5583FE2F29F45A160011D108 /* OnboardingViewController.swift in Sources */,
				559D0AC129E5280800B2B82E /* Model.xcdatamodeld in Sources */,
				55FED95A29E5B2D2006CE32B /* TrackerStore.swift in Sources */,
				55CCE51029D7040E001B23E6 /* ScheduleViewController.swift in Sources */,
				55A6B16C29CE1D17005449F4 /* TrackerCell.swift in Sources */,
				55F6512829CF6D5E00C3E4F2 /* TrackerCategoryLabel.swift in Sources */,
				5531771229D2D04500DEFCFF /* EmojiCell.swift in Sources */,
				552A63AA2A0ACBB4002911E2 /* Strings+Generated.swift in Sources */,
				557F89EC2A1EA7E40015D13E /* AnalyticsService.swift in Sources */,
				552FCD8629FDAE3900733ECC /* UIViewController+Extensions.swift in Sources */,
				555FC09729DADA6100E6C0D9 /* Constants.swift in Sources */,
				55FED95C29E5B51C006CE32B /* UIColorMarshalling.swift in Sources */,
				5583FE3129F45B730011D108 /* OnboardingPageViewController.swift in Sources */,
				55D1CB0829E6F6E2001EE8F4 /* TrackerRecordStore.swift in Sources */,
				55BC269B29CCB28A006333B4 /* TrackersViewController.swift in Sources */,
				55F530AE29D095DE002D0826 /* Int+Extensions.swift in Sources */,
				552FCD8229FD381900733ECC /* CategoryFormViewController.swift in Sources */,
				5583FE2C29F4584D0011D108 /* RootViewController.swift in Sources */,
				559FCC0A29D5A228009CEA46 /* TrackerFormViewController.swift in Sources */,
				55F530AC29D0851E002D0826 /* Date+Extensions.swift in Sources */,
				55BC269729CCB28A006333B4 /* AppDelegate.swift in Sources */,
				5593A7422A0A8C4200A311B9 /* UIImage+Extensions.swift in Sources */,
				55CCE51229D7091C001B23E6 /* WeekdayCell.swift in Sources */,
				55F6512629CF15D600C3E4F2 /* TrackerRecord.swift in Sources */,
				5531771429D2D93800DEFCFF /* SelectionTitle.swift in Sources */,
				55F6512229CF0BFF00C3E4F2 /* Tracker.swift in Sources */,
				553176FC29D1A16900DEFCFF /* Button.swift in Sources */,
				5531770E29D2BB6900DEFCFF /* ListCell.swift in Sources */,
				552FCD8029FD29B200733ECC /* CategoryCell.swift in Sources */,
				5575D34A29FAB1D2000E8ADE /* CategoriesViewController.swift in Sources */,
				5531771629D2E54200DEFCFF /* ColorCell.swift in Sources */,
				5531771029D2BC5D00DEFCFF /* ListItem.swift in Sources */,
				5583FE3329F4669C0011D108 /* UserDefaultsBacked.swift in Sources */,
				55FED95E29E5B888006CE32B /* TrackerCategoryStore.swift in Sources */,
				558D5C8F29E3083200C60519 /* SelectionCellProtocol.swift in Sources */,
				55B06F9D29CDB76D00A7F900 /* StatisticsViewController.swift in Sources */,
				55B06F9B29CDB63B00A7F900 /* TabBarController.swift in Sources */,
				5531770A29D1F8EF00DEFCFF /* TextField.swift in Sources */,
				552FCD8429FD4E8E00733ECC /* NotFoundStack.swift in Sources */,
				55BC269929CCB28A006333B4 /* SceneDelegate.swift in Sources */,
				5575D34C29FAB54E000E8ADE /* CategoriesViewModel.swift in Sources */,
				553176F929D19D9B00DEFCFF /* AddTrackerViewController.swift in Sources */,
			);
			runOnlyForDeploymentPostprocessing = 0;
		};
/* End PBXSourcesBuildPhase section */

/* Begin PBXTargetDependency section */
		557F89F62A1F7F0E0015D13E /* PBXTargetDependency */ = {
			isa = PBXTargetDependency;
			target = 55BC269229CCB28A006333B4 /* Tracker */;
			targetProxy = 557F89F52A1F7F0E0015D13E /* PBXContainerItemProxy */;
		};
/* End PBXTargetDependency section */

/* Begin PBXVariantGroup section */
		5539740B2A194625008E104E /* Localizable.stringsdict */ = {
			isa = PBXVariantGroup;
			children = (
				5539740A2A194625008E104E /* en */,
				5539740C2A194629008E104E /* ru */,
			);
			name = Localizable.stringsdict;
			path = Tracker/Resources;
			sourceTree = SOURCE_ROOT;
		};
		557522482A0A8DEF007EB400 /* Localizable.strings */ = {
			isa = PBXVariantGroup;
			children = (
				557522472A0A8DEF007EB400 /* en */,
				557522492A0A8DFB007EB400 /* ru */,
			);
			name = Localizable.strings;
			sourceTree = "<group>";
		};
		55BC26A129CCB28B006333B4 /* LaunchScreen.storyboard */ = {
			isa = PBXVariantGroup;
			children = (
				55BC26A229CCB28B006333B4 /* Base */,
			);
			name = LaunchScreen.storyboard;
			sourceTree = "<group>";
		};
/* End PBXVariantGroup section */

/* Begin XCBuildConfiguration section */
		557F89F82A1F7F0E0015D13E /* Debug */ = {
			isa = XCBuildConfiguration;
			buildSettings = {
				BUNDLE_LOADER = "$(TEST_HOST)";
				CODE_SIGN_STYLE = Automatic;
				CURRENT_PROJECT_VERSION = 1;
				DEVELOPMENT_TEAM = 6K8462GPBF;
				GENERATE_INFOPLIST_FILE = YES;
				IPHONEOS_DEPLOYMENT_TARGET = 16.4;
				MARKETING_VERSION = 1.0;
				PRODUCT_BUNDLE_IDENTIFIER = ru.SysoevAndrey.TrackerTests;
				PRODUCT_NAME = "$(TARGET_NAME)";
				SWIFT_EMIT_LOC_STRINGS = NO;
				SWIFT_VERSION = 5.0;
				TARGETED_DEVICE_FAMILY = "1,2";
				TEST_HOST = "$(BUILT_PRODUCTS_DIR)/Tracker.app/$(BUNDLE_EXECUTABLE_FOLDER_PATH)/Tracker";
			};
			name = Debug;
		};
		557F89F92A1F7F0E0015D13E /* Release */ = {
			isa = XCBuildConfiguration;
			buildSettings = {
				BUNDLE_LOADER = "$(TEST_HOST)";
				CODE_SIGN_STYLE = Automatic;
				CURRENT_PROJECT_VERSION = 1;
				DEVELOPMENT_TEAM = 6K8462GPBF;
				GENERATE_INFOPLIST_FILE = YES;
				IPHONEOS_DEPLOYMENT_TARGET = 16.4;
				MARKETING_VERSION = 1.0;
				PRODUCT_BUNDLE_IDENTIFIER = ru.SysoevAndrey.TrackerTests;
				PRODUCT_NAME = "$(TARGET_NAME)";
				SWIFT_EMIT_LOC_STRINGS = NO;
				SWIFT_VERSION = 5.0;
				TARGETED_DEVICE_FAMILY = "1,2";
				TEST_HOST = "$(BUILT_PRODUCTS_DIR)/Tracker.app/$(BUNDLE_EXECUTABLE_FOLDER_PATH)/Tracker";
			};
			name = Release;
		};
		55BC26A529CCB28B006333B4 /* Debug */ = {
			isa = XCBuildConfiguration;
			buildSettings = {
				ALWAYS_SEARCH_USER_PATHS = NO;
				CLANG_ANALYZER_LOCALIZABILITY_NONLOCALIZED = YES;
				CLANG_ANALYZER_NONNULL = YES;
				CLANG_ANALYZER_NUMBER_OBJECT_CONVERSION = YES_AGGRESSIVE;
				CLANG_CXX_LANGUAGE_STANDARD = "gnu++20";
				CLANG_ENABLE_MODULES = YES;
				CLANG_ENABLE_OBJC_ARC = YES;
				CLANG_ENABLE_OBJC_WEAK = YES;
				CLANG_WARN_BLOCK_CAPTURE_AUTORELEASING = YES;
				CLANG_WARN_BOOL_CONVERSION = YES;
				CLANG_WARN_COMMA = YES;
				CLANG_WARN_CONSTANT_CONVERSION = YES;
				CLANG_WARN_DEPRECATED_OBJC_IMPLEMENTATIONS = YES;
				CLANG_WARN_DIRECT_OBJC_ISA_USAGE = YES_ERROR;
				CLANG_WARN_DOCUMENTATION_COMMENTS = YES;
				CLANG_WARN_EMPTY_BODY = YES;
				CLANG_WARN_ENUM_CONVERSION = YES;
				CLANG_WARN_INFINITE_RECURSION = YES;
				CLANG_WARN_INT_CONVERSION = YES;
				CLANG_WARN_NON_LITERAL_NULL_CONVERSION = YES;
				CLANG_WARN_OBJC_IMPLICIT_RETAIN_SELF = YES;
				CLANG_WARN_OBJC_LITERAL_CONVERSION = YES;
				CLANG_WARN_OBJC_ROOT_CLASS = YES_ERROR;
				CLANG_WARN_QUOTED_INCLUDE_IN_FRAMEWORK_HEADER = YES;
				CLANG_WARN_RANGE_LOOP_ANALYSIS = YES;
				CLANG_WARN_STRICT_PROTOTYPES = YES;
				CLANG_WARN_SUSPICIOUS_MOVE = YES;
				CLANG_WARN_UNGUARDED_AVAILABILITY = YES_AGGRESSIVE;
				CLANG_WARN_UNREACHABLE_CODE = YES;
				CLANG_WARN__DUPLICATE_METHOD_MATCH = YES;
				COPY_PHASE_STRIP = NO;
				DEBUG_INFORMATION_FORMAT = dwarf;
				ENABLE_STRICT_OBJC_MSGSEND = YES;
				ENABLE_TESTABILITY = YES;
				GCC_C_LANGUAGE_STANDARD = gnu11;
				GCC_DYNAMIC_NO_PIC = NO;
				GCC_NO_COMMON_BLOCKS = YES;
				GCC_OPTIMIZATION_LEVEL = 0;
				GCC_PREPROCESSOR_DEFINITIONS = (
					"DEBUG=1",
					"$(inherited)",
				);
				GCC_WARN_64_TO_32_BIT_CONVERSION = YES;
				GCC_WARN_ABOUT_RETURN_TYPE = YES_ERROR;
				GCC_WARN_UNDECLARED_SELECTOR = YES;
				GCC_WARN_UNINITIALIZED_AUTOS = YES_AGGRESSIVE;
				GCC_WARN_UNUSED_FUNCTION = YES;
				GCC_WARN_UNUSED_VARIABLE = YES;
				IPHONEOS_DEPLOYMENT_TARGET = 13.4;
				MTL_ENABLE_DEBUG_INFO = INCLUDE_SOURCE;
				MTL_FAST_MATH = YES;
				ONLY_ACTIVE_ARCH = YES;
				SDKROOT = iphoneos;
				SWIFT_ACTIVE_COMPILATION_CONDITIONS = DEBUG;
				SWIFT_OPTIMIZATION_LEVEL = "-Onone";
			};
			name = Debug;
		};
		55BC26A629CCB28B006333B4 /* Release */ = {
			isa = XCBuildConfiguration;
			buildSettings = {
				ALWAYS_SEARCH_USER_PATHS = NO;
				CLANG_ANALYZER_LOCALIZABILITY_NONLOCALIZED = YES;
				CLANG_ANALYZER_NONNULL = YES;
				CLANG_ANALYZER_NUMBER_OBJECT_CONVERSION = YES_AGGRESSIVE;
				CLANG_CXX_LANGUAGE_STANDARD = "gnu++20";
				CLANG_ENABLE_MODULES = YES;
				CLANG_ENABLE_OBJC_ARC = YES;
				CLANG_ENABLE_OBJC_WEAK = YES;
				CLANG_WARN_BLOCK_CAPTURE_AUTORELEASING = YES;
				CLANG_WARN_BOOL_CONVERSION = YES;
				CLANG_WARN_COMMA = YES;
				CLANG_WARN_CONSTANT_CONVERSION = YES;
				CLANG_WARN_DEPRECATED_OBJC_IMPLEMENTATIONS = YES;
				CLANG_WARN_DIRECT_OBJC_ISA_USAGE = YES_ERROR;
				CLANG_WARN_DOCUMENTATION_COMMENTS = YES;
				CLANG_WARN_EMPTY_BODY = YES;
				CLANG_WARN_ENUM_CONVERSION = YES;
				CLANG_WARN_INFINITE_RECURSION = YES;
				CLANG_WARN_INT_CONVERSION = YES;
				CLANG_WARN_NON_LITERAL_NULL_CONVERSION = YES;
				CLANG_WARN_OBJC_IMPLICIT_RETAIN_SELF = YES;
				CLANG_WARN_OBJC_LITERAL_CONVERSION = YES;
				CLANG_WARN_OBJC_ROOT_CLASS = YES_ERROR;
				CLANG_WARN_QUOTED_INCLUDE_IN_FRAMEWORK_HEADER = YES;
				CLANG_WARN_RANGE_LOOP_ANALYSIS = YES;
				CLANG_WARN_STRICT_PROTOTYPES = YES;
				CLANG_WARN_SUSPICIOUS_MOVE = YES;
				CLANG_WARN_UNGUARDED_AVAILABILITY = YES_AGGRESSIVE;
				CLANG_WARN_UNREACHABLE_CODE = YES;
				CLANG_WARN__DUPLICATE_METHOD_MATCH = YES;
				COPY_PHASE_STRIP = NO;
				DEBUG_INFORMATION_FORMAT = "dwarf-with-dsym";
				ENABLE_NS_ASSERTIONS = NO;
				ENABLE_STRICT_OBJC_MSGSEND = YES;
				GCC_C_LANGUAGE_STANDARD = gnu11;
				GCC_NO_COMMON_BLOCKS = YES;
				GCC_WARN_64_TO_32_BIT_CONVERSION = YES;
				GCC_WARN_ABOUT_RETURN_TYPE = YES_ERROR;
				GCC_WARN_UNDECLARED_SELECTOR = YES;
				GCC_WARN_UNINITIALIZED_AUTOS = YES_AGGRESSIVE;
				GCC_WARN_UNUSED_FUNCTION = YES;
				GCC_WARN_UNUSED_VARIABLE = YES;
				IPHONEOS_DEPLOYMENT_TARGET = 13.4;
				MTL_ENABLE_DEBUG_INFO = NO;
				MTL_FAST_MATH = YES;
				SDKROOT = iphoneos;
				SWIFT_COMPILATION_MODE = wholemodule;
				SWIFT_OPTIMIZATION_LEVEL = "-O";
				VALIDATE_PRODUCT = YES;
			};
			name = Release;
		};
		55BC26A829CCB28B006333B4 /* Debug */ = {
			isa = XCBuildConfiguration;
			baseConfigurationReference = 88E0F12788F32449B8BCA42F /* Pods-Tracker.debug.xcconfig */;
			buildSettings = {
				ASSETCATALOG_COMPILER_APPICON_NAME = AppIcon;
				ASSETCATALOG_COMPILER_GLOBAL_ACCENT_COLOR_NAME = AccentColor;
				CODE_SIGN_STYLE = Automatic;
				CURRENT_PROJECT_VERSION = 1;
				DEVELOPMENT_TEAM = 6K8462GPBF;
				GENERATE_INFOPLIST_FILE = YES;
				INFOPLIST_FILE = Tracker/Resources/Info.plist;
				INFOPLIST_KEY_UIApplicationSupportsIndirectInputEvents = YES;
				INFOPLIST_KEY_UILaunchStoryboardName = LaunchScreen;
				INFOPLIST_KEY_UISupportedInterfaceOrientations = UIInterfaceOrientationPortrait;
				INFOPLIST_KEY_UISupportedInterfaceOrientations_iPad = "UIInterfaceOrientationLandscapeLeft UIInterfaceOrientationLandscapeRight UIInterfaceOrientationPortrait UIInterfaceOrientationPortraitUpsideDown";
				IPHONEOS_DEPLOYMENT_TARGET = 13.4;
				LD_RUNPATH_SEARCH_PATHS = (
					"$(inherited)",
					"@executable_path/Frameworks",
				);
				MARKETING_VERSION = 1.0;
				PRODUCT_BUNDLE_IDENTIFIER = ru.SysoevAndrey.Tracker;
				PRODUCT_NAME = "$(TARGET_NAME)";
				SUPPORTED_PLATFORMS = "iphoneos iphonesimulator";
				SUPPORTS_MACCATALYST = NO;
				SUPPORTS_MAC_DESIGNED_FOR_IPHONE_IPAD = NO;
				SWIFT_EMIT_LOC_STRINGS = YES;
				SWIFT_VERSION = 5.0;
				TARGETED_DEVICE_FAMILY = 1;
			};
			name = Debug;
		};
		55BC26A929CCB28B006333B4 /* Release */ = {
			isa = XCBuildConfiguration;
			baseConfigurationReference = 765FB88C3698450CDAF971D9 /* Pods-Tracker.release.xcconfig */;
			buildSettings = {
				ASSETCATALOG_COMPILER_APPICON_NAME = AppIcon;
				ASSETCATALOG_COMPILER_GLOBAL_ACCENT_COLOR_NAME = AccentColor;
				CODE_SIGN_STYLE = Automatic;
				CURRENT_PROJECT_VERSION = 1;
				DEVELOPMENT_TEAM = 6K8462GPBF;
				GENERATE_INFOPLIST_FILE = YES;
				INFOPLIST_FILE = Tracker/Resources/Info.plist;
				INFOPLIST_KEY_UIApplicationSupportsIndirectInputEvents = YES;
				INFOPLIST_KEY_UILaunchStoryboardName = LaunchScreen;
				INFOPLIST_KEY_UISupportedInterfaceOrientations = UIInterfaceOrientationPortrait;
				INFOPLIST_KEY_UISupportedInterfaceOrientations_iPad = "UIInterfaceOrientationLandscapeLeft UIInterfaceOrientationLandscapeRight UIInterfaceOrientationPortrait UIInterfaceOrientationPortraitUpsideDown";
				IPHONEOS_DEPLOYMENT_TARGET = 13.4;
				LD_RUNPATH_SEARCH_PATHS = (
					"$(inherited)",
					"@executable_path/Frameworks",
				);
				MARKETING_VERSION = 1.0;
				PRODUCT_BUNDLE_IDENTIFIER = ru.SysoevAndrey.Tracker;
				PRODUCT_NAME = "$(TARGET_NAME)";
				SUPPORTED_PLATFORMS = "iphoneos iphonesimulator";
				SUPPORTS_MACCATALYST = NO;
				SUPPORTS_MAC_DESIGNED_FOR_IPHONE_IPAD = NO;
				SWIFT_EMIT_LOC_STRINGS = YES;
				SWIFT_VERSION = 5.0;
				TARGETED_DEVICE_FAMILY = 1;
			};
			name = Release;
		};
/* End XCBuildConfiguration section */

/* Begin XCConfigurationList section */
		557F89F72A1F7F0E0015D13E /* Build configuration list for PBXNativeTarget "TrackerTests" */ = {
			isa = XCConfigurationList;
			buildConfigurations = (
				557F89F82A1F7F0E0015D13E /* Debug */,
				557F89F92A1F7F0E0015D13E /* Release */,
			);
			defaultConfigurationIsVisible = 0;
			defaultConfigurationName = Release;
		};
		55BC268E29CCB28A006333B4 /* Build configuration list for PBXProject "Tracker" */ = {
			isa = XCConfigurationList;
			buildConfigurations = (
				55BC26A529CCB28B006333B4 /* Debug */,
				55BC26A629CCB28B006333B4 /* Release */,
			);
			defaultConfigurationIsVisible = 0;
			defaultConfigurationName = Release;
		};
		55BC26A729CCB28B006333B4 /* Build configuration list for PBXNativeTarget "Tracker" */ = {
			isa = XCConfigurationList;
			buildConfigurations = (
				55BC26A829CCB28B006333B4 /* Debug */,
				55BC26A929CCB28B006333B4 /* Release */,
			);
			defaultConfigurationIsVisible = 0;
			defaultConfigurationName = Release;
		};
/* End XCConfigurationList section */

/* Begin XCRemoteSwiftPackageReference section */
		557F89FA2A1F7F290015D13E /* XCRemoteSwiftPackageReference "swift-snapshot-testing" */ = {
			isa = XCRemoteSwiftPackageReference;
			repositoryURL = "https://github.com/pointfreeco/swift-snapshot-testing";
			requirement = {
				kind = upToNextMajorVersion;
				minimumVersion = 1.0.0;
			};
		};
/* End XCRemoteSwiftPackageReference section */

/* Begin XCSwiftPackageProductDependency section */
		557F89FB2A1F7F290015D13E /* SnapshotTesting */ = {
			isa = XCSwiftPackageProductDependency;
			package = 557F89FA2A1F7F290015D13E /* XCRemoteSwiftPackageReference "swift-snapshot-testing" */;
			productName = SnapshotTesting;
		};
/* End XCSwiftPackageProductDependency section */

/* Begin XCVersionGroup section */
		559D0ABF29E5280800B2B82E /* Model.xcdatamodeld */ = {
			isa = XCVersionGroup;
			children = (
				559D0AC029E5280800B2B82E /* Model.xcdatamodel */,
			);
			currentVersion = 559D0AC029E5280800B2B82E /* Model.xcdatamodel */;
			path = Model.xcdatamodeld;
			sourceTree = "<group>";
			versionGroupType = wrapper.xcdatamodel;
		};
/* End XCVersionGroup section */
	};
	rootObject = 55BC268B29CCB28A006333B4 /* Project object */;
}
